
Microsoft Visual Studio Solution File, Format Version 12.00
# Visual Studio 15
Project("{FAE04EC0-301F-11D3-BF4B-00C04F79EFBC}") = "Assembly-CSharp", "Assembly-CSharp.csproj", "{718326C7-F41E-3715-0453-4F76231D36C1}"
EndProject
Project("{FAE04EC0-301F-11D3-BF4B-00C04F79EFBC}") = "NavMeshComponents", "NavMeshComponents.csproj", "{E3C34C64-08BD-6CA5-104B-2F224F80FADD}"
EndProject
Project("{FAE04EC0-301F-11D3-BF4B-00C04F79EFBC}") = "NavMeshComponentsEditor", "NavMeshComponentsEditor.csproj", "{6A6EC227-745B-B666-368C-79CC2D021C3F}"
EndProject
Project("{FAE04EC0-301F-11D3-BF4B-00C04F79EFBC}") = "Assembly-CSharp-Editor", "Assembly-CSharp-Editor.csproj", "{F8066EFD-35D4-A294-F002-81FBF71CCC18}"
EndProject
Global
	GlobalSection(SolutionConfigurationPlatforms) = preSolution
		Debug|Any CPU = Debug|Any CPU
		Release|Any CPU = Release|Any CPU
	EndGlobalSection
	GlobalSection(ProjectConfigurationPlatforms) = postSolution
		{718326C7-F41E-3715-0453-4F76231D36C1}.Debug|Any CPU.ActiveCfg = Debug|Any CPU
		{718326C7-F41E-3715-0453-4F76231D36C1}.Debug|Any CPU.Build.0 = Debug|Any CPU
		{718326C7-F41E-3715-0453-4F76231D36C1}.Release|Any CPU.ActiveCfg = Release|Any CPU
		{718326C7-F41E-3715-0453-4F76231D36C1}.Release|Any CPU.Build.0 = Release|Any CPU
		{E3C34C64-08BD-6CA5-104B-2F224F80FADD}.Debug|Any CPU.ActiveCfg = Debug|Any CPU
		{E3C34C64-08BD-6CA5-104B-2F224F80FADD}.Debug|Any CPU.Build.0 = Debug|Any CPU
		{E3C34C64-08BD-6CA5-104B-2F224F80FADD}.Release|Any CPU.ActiveCfg = Release|Any CPU
		{E3C34C64-08BD-6CA5-104B-2F224F80FADD}.Release|Any CPU.Build.0 = Release|Any CPU
		{6A6EC227-745B-B666-368C-79CC2D021C3F}.Debug|Any CPU.ActiveCfg = Debug|Any CPU
		{6A6EC227-745B-B666-368C-79CC2D021C3F}.Debug|Any CPU.Build.0 = Debug|Any CPU
		{6A6EC227-745B-B666-368C-79CC2D021C3F}.Release|Any CPU.ActiveCfg = Release|Any CPU
		{6A6EC227-745B-B666-368C-79CC2D021C3F}.Release|Any CPU.Build.0 = Release|Any CPU
		{F8066EFD-35D4-A294-F002-81FBF71CCC18}.Debug|Any CPU.ActiveCfg = Debug|Any CPU
		{F8066EFD-35D4-A294-F002-81FBF71CCC18}.Debug|Any CPU.Build.0 = Debug|Any CPU
		{F8066EFD-35D4-A294-F002-81FBF71CCC18}.Release|Any CPU.ActiveCfg = Release|Any CPU
		{F8066EFD-35D4-A294-F002-81FBF71CCC18}.Release|Any CPU.Build.0 = Release|Any CPU
	EndGlobalSection
	GlobalSection(SolutionProperties) = preSolution
		HideSolutionNode = FALSE
	EndGlobalSection
EndGlobal
